
Microsoft Visual Studio Solution File, Format Version 12.00
# Visual Studio Version 17
VisualStudioVersion = 17.1.32210.238
MinimumVisualStudioVersion = 10.0.40219.1
Project("{FAE04EC0-301F-11D3-BF4B-00C04F79EFBC}") = "OneOfEnum", "OneOfEnum\OneOfEnum.csproj", "{759609D9-6749-405F-8DA0-84DC057987D8}"
EndProject
Project("{FAE04EC0-301F-11D3-BF4B-00C04F79EFBC}") = "OneOfEnum.Tests", "OneOfEnum.Tests\OneOfEnum.Tests.csproj", "{36363668-81EF-4C15-ADBE-E2E9DB0D8719}"
EndProject
Global
	GlobalSection(SolutionConfigurationPlatforms) = preSolution
		Debug|Any CPU = Debug|Any CPU
		Release|Any CPU = Release|Any CPU
	EndGlobalSection
	GlobalSection(ProjectConfigurationPlatforms) = postSolution
		{759609D9-6749-405F-8DA0-84DC057987D8}.Debug|Any CPU.ActiveCfg = Debug|Any CPU
		{759609D9-6749-405F-8DA0-84DC057987D8}.Debug|Any CPU.Build.0 = Debug|Any CPU
		{759609D9-6749-405F-8DA0-84DC057987D8}.Release|Any CPU.ActiveCfg = Release|Any CPU
		{759609D9-6749-405F-8DA0-84DC057987D8}.Release|Any CPU.Build.0 = Release|Any CPU
		{36363668-81EF-4C15-ADBE-E2E9DB0D8719}.Debug|Any CPU.ActiveCfg = Debug|Any CPU
		{36363668-81EF-4C15-ADBE-E2E9DB0D8719}.Debug|Any CPU.Build.0 = Debug|Any CPU
		{36363668-81EF-4C15-ADBE-E2E9DB0D8719}.Release|Any CPU.ActiveCfg = Release|Any CPU
		{36363668-81EF-4C15-ADBE-E2E9DB0D8719}.Release|Any CPU.Build.0 = Release|Any CPU
	EndGlobalSection
	GlobalSection(SolutionProperties) = preSolution
		HideSolutionNode = FALSE
	EndGlobalSection
	GlobalSection(ExtensibilityGlobals) = postSolution
		SolutionGuid = {B799868B-9E96-4429-B710-39FF27106765}
	EndGlobalSection
EndGlobal
